// !$*UTF8*$!
{
	archiveVersion = 1;
	classes = {
	};
	objectVersion = 56;
	objects = {

/* Begin PBXBuildFile section */
		9095763528ED997C00C37F32 /* DynIslandApp.swift in Sources */ = {isa = PBXBuildFile; fileRef = 9095763428ED997C00C37F32 /* DynIslandApp.swift */; };
		9095763728ED997C00C37F32 /* ContentView.swift in Sources */ = {isa = PBXBuildFile; fileRef = 9095763628ED997C00C37F32 /* ContentView.swift */; };
		9095763928ED997D00C37F32 /* Assets.xcassets in Resources */ = {isa = PBXBuildFile; fileRef = 9095763828ED997D00C37F32 /* Assets.xcassets */; };
		9095763C28ED997D00C37F32 /* Preview Assets.xcassets in Resources */ = {isa = PBXBuildFile; fileRef = 9095763B28ED997D00C37F32 /* Preview Assets.xcassets */; };
		9095764628ED997D00C37F32 /* DynIslandTests.swift in Sources */ = {isa = PBXBuildFile; fileRef = 9095764528ED997D00C37F32 /* DynIslandTests.swift */; };
		9095765028ED997D00C37F32 /* DynIslandUITests.swift in Sources */ = {isa = PBXBuildFile; fileRef = 9095764F28ED997D00C37F32 /* DynIslandUITests.swift */; };
		9095765228ED997D00C37F32 /* DynIslandUITestsLaunchTests.swift in Sources */ = {isa = PBXBuildFile; fileRef = 9095765128ED997D00C37F32 /* DynIslandUITestsLaunchTests.swift */; };
/* End PBXBuildFile section */

/* Begin PBXContainerItemProxy section */
		9095764228ED997D00C37F32 /* PBXContainerItemProxy */ = {
			isa = PBXContainerItemProxy;
			containerPortal = 9095762928ED997C00C37F32 /* Project object */;
			proxyType = 1;
			remoteGlobalIDString = 9095763028ED997C00C37F32;
			remoteInfo = DynIsland;
		};
		9095764C28ED997D00C37F32 /* PBXContainerItemProxy */ = {
			isa = PBXContainerItemProxy;
			containerPortal = 9095762928ED997C00C37F32 /* Project object */;
			proxyType = 1;
			remoteGlobalIDString = 9095763028ED997C00C37F32;
			remoteInfo = DynIsland;
		};
/* End PBXContainerItemProxy section */

/* Begin PBXFileReference section */
		9095763128ED997C00C37F32 /* DynIsland.app */ = {isa = PBXFileReference; explicitFileType = wrapper.application; includeInIndex = 0; path = DynIsland.app; sourceTree = BUILT_PRODUCTS_DIR; };
		9095763428ED997C00C37F32 /* DynIslandApp.swift */ = {isa = PBXFileReference; lastKnownFileType = sourcecode.swift; path = DynIslandApp.swift; sourceTree = "<group>"; };
		9095763628ED997C00C37F32 /* ContentView.swift */ = {isa = PBXFileReference; lastKnownFileType = sourcecode.swift; path = ContentView.swift; sourceTree = "<group>"; };
		9095763828ED997D00C37F32 /* Assets.xcassets */ = {isa = PBXFileReference; lastKnownFileType = folder.assetcatalog; path = Assets.xcassets; sourceTree = "<group>"; };
		9095763B28ED997D00C37F32 /* Preview Assets.xcassets */ = {isa = PBXFileReference; lastKnownFileType = folder.assetcatalog; path = "Preview Assets.xcassets"; sourceTree = "<group>"; };
		9095764128ED997D00C37F32 /* DynIslandTests.xctest */ = {isa = PBXFileReference; explicitFileType = wrapper.cfbundle; includeInIndex = 0; path = DynIslandTests.xctest; sourceTree = BUILT_PRODUCTS_DIR; };
		9095764528ED997D00C37F32 /* DynIslandTests.swift */ = {isa = PBXFileReference; lastKnownFileType = sourcecode.swift; path = DynIslandTests.swift; sourceTree = "<group>"; };
		9095764B28ED997D00C37F32 /* DynIslandUITests.xctest */ = {isa = PBXFileReference; explicitFileType = wrapper.cfbundle; includeInIndex = 0; path = DynIslandUITests.xctest; sourceTree = BUILT_PRODUCTS_DIR; };
		9095764F28ED997D00C37F32 /* DynIslandUITests.swift */ = {isa = PBXFileReference; lastKnownFileType = sourcecode.swift; path = DynIslandUITests.swift; sourceTree = "<group>"; };
		9095765128ED997D00C37F32 /* DynIslandUITestsLaunchTests.swift */ = {isa = PBXFileReference; lastKnownFileType = sourcecode.swift; path = DynIslandUITestsLaunchTests.swift; sourceTree = "<group>"; };
/* End PBXFileReference section */

/* Begin PBXFrameworksBuildPhase section */
		9095762E28ED997C00C37F32 /* Frameworks */ = {
			isa = PBXFrameworksBuildPhase;
			buildActionMask = 2147483647;
			files = (
			);
			runOnlyForDeploymentPostprocessing = 0;
		};
		9095763E28ED997D00C37F32 /* Frameworks */ = {
			isa = PBXFrameworksBuildPhase;
			buildActionMask = 2147483647;
			files = (
			);
			runOnlyForDeploymentPostprocessing = 0;
		};
		9095764828ED997D00C37F32 /* Frameworks */ = {
			isa = PBXFrameworksBuildPhase;
			buildActionMask = 2147483647;
			files = (
			);
			runOnlyForDeploymentPostprocessing = 0;
		};
/* End PBXFrameworksBuildPhase section */

/* Begin PBXGroup section */
		9095762828ED997C00C37F32 = {
			isa = PBXGroup;
			children = (
				9095763328ED997C00C37F32 /* DynIsland */,
				9095764428ED997D00C37F32 /* DynIslandTests */,
				9095764E28ED997D00C37F32 /* DynIslandUITests */,
				9095763228ED997C00C37F32 /* Products */,
			);
			sourceTree = "<group>";
		};
		9095763228ED997C00C37F32 /* Products */ = {
			isa = PBXGroup;
			children = (
				9095763128ED997C00C37F32 /* DynIsland.app */,
				9095764128ED997D00C37F32 /* DynIslandTests.xctest */,
				9095764B28ED997D00C37F32 /* DynIslandUITests.xctest */,
			);
			name = Products;
			sourceTree = "<group>";
		};
		9095763328ED997C00C37F32 /* DynIsland */ = {
			isa = PBXGroup;
			children = (
				9095763428ED997C00C37F32 /* DynIslandApp.swift */,
				9095763628ED997C00C37F32 /* ContentView.swift */,
				9095763828ED997D00C37F32 /* Assets.xcassets */,
				9095763A28ED997D00C37F32 /* Preview Content */,
			);
			path = DynIsland;
			sourceTree = "<group>";
		};
		9095763A28ED997D00C37F32 /* Preview Content */ = {
			isa = PBXGroup;
			children = (
				9095763B28ED997D00C37F32 /* Preview Assets.xcassets */,
			);
			path = "Preview Content";
			sourceTree = "<group>";
		};
		9095764428ED997D00C37F32 /* DynIslandTests */ = {
			isa = PBXGroup;
			children = (
				9095764528ED997D00C37F32 /* DynIslandTests.swift */,
			);
			path = DynIslandTests;
			sourceTree = "<group>";
		};
		9095764E28ED997D00C37F32 /* DynIslandUITests */ = {
			isa = PBXGroup;
			children = (
				9095764F28ED997D00C37F32 /* DynIslandUITests.swift */,
				9095765128ED997D00C37F32 /* DynIslandUITestsLaunchTests.swift */,
			);
			path = DynIslandUITests;
			sourceTree = "<group>";
		};
/* End PBXGroup section */

/* Begin PBXNativeTarget section */
		9095763028ED997C00C37F32 /* DynIsland */ = {
			isa = PBXNativeTarget;
			buildConfigurationList = 9095765528ED997D00C37F32 /* Build configuration list for PBXNativeTarget "DynIsland" */;
			buildPhases = (
				9095762D28ED997C00C37F32 /* Sources */,
				9095762E28ED997C00C37F32 /* Frameworks */,
				9095762F28ED997C00C37F32 /* Resources */,
			);
			buildRules = (
			);
			dependencies = (
			);
			name = DynIsland;
			productName = DynIsland;
			productReference = 9095763128ED997C00C37F32 /* DynIsland.app */;
			productType = "com.apple.product-type.application";
		};
		9095764028ED997D00C37F32 /* DynIslandTests */ = {
			isa = PBXNativeTarget;
			buildConfigurationList = 9095765828ED997D00C37F32 /* Build configuration list for PBXNativeTarget "DynIslandTests" */;
			buildPhases = (
				9095763D28ED997D00C37F32 /* Sources */,
				9095763E28ED997D00C37F32 /* Frameworks */,
				9095763F28ED997D00C37F32 /* Resources */,
			);
			buildRules = (
			);
			dependencies = (
				9095764328ED997D00C37F32 /* PBXTargetDependency */,
			);
			name = DynIslandTests;
			productName = DynIslandTests;
			productReference = 9095764128ED997D00C37F32 /* DynIslandTests.xctest */;
			productType = "com.apple.product-type.bundle.unit-test";
		};
		9095764A28ED997D00C37F32 /* DynIslandUITests */ = {
			isa = PBXNativeTarget;
			buildConfigurationList = 9095765B28ED997D00C37F32 /* Build configuration list for PBXNativeTarget "DynIslandUITests" */;
			buildPhases = (
				9095764728ED997D00C37F32 /* Sources */,
				9095764828ED997D00C37F32 /* Frameworks */,
				9095764928ED997D00C37F32 /* Resources */,
			);
			buildRules = (
			);
			dependencies = (
				9095764D28ED997D00C37F32 /* PBXTargetDependency */,
			);
			name = DynIslandUITests;
			productName = DynIslandUITests;
			productReference = 9095764B28ED997D00C37F32 /* DynIslandUITests.xctest */;
			productType = "com.apple.product-type.bundle.ui-testing";
		};
/* End PBXNativeTarget section */

/* Begin PBXProject section */
		9095762928ED997C00C37F32 /* Project object */ = {
			isa = PBXProject;
			attributes = {
				BuildIndependentTargetsInParallel = 1;
				LastSwiftUpdateCheck = 1410;
				LastUpgradeCheck = 1410;
				TargetAttributes = {
					9095763028ED997C00C37F32 = {
						CreatedOnToolsVersion = 14.1;
					};
					9095764028ED997D00C37F32 = {
						CreatedOnToolsVersion = 14.1;
						TestTargetID = 9095763028ED997C00C37F32;
					};
					9095764A28ED997D00C37F32 = {
						CreatedOnToolsVersion = 14.1;
						TestTargetID = 9095763028ED997C00C37F32;
					};
				};
			};
			buildConfigurationList = 9095762C28ED997C00C37F32 /* Build configuration list for PBXProject "DynIsland" */;
			compatibilityVersion = "Xcode 14.0";
			developmentRegion = en;
			hasScannedForEncodings = 0;
			knownRegions = (
				en,
				Base,
			);
			mainGroup = 9095762828ED997C00C37F32;
			productRefGroup = 9095763228ED997C00C37F32 /* Products */;
			projectDirPath = "";
			projectRoot = "";
			targets = (
				9095763028ED997C00C37F32 /* DynIsland */,
				9095764028ED997D00C37F32 /* DynIslandTests */,
				9095764A28ED997D00C37F32 /* DynIslandUITests */,
			);
		};
/* End PBXProject section */

/* Begin PBXResourcesBuildPhase section */
		9095762F28ED997C00C37F32 /* Resources */ = {
			isa = PBXResourcesBuildPhase;
			buildActionMask = 2147483647;
			files = (
				9095763C28ED997D00C37F32 /* Preview Assets.xcassets in Resources */,
				9095763928ED997D00C37F32 /* Assets.xcassets in Resources */,
			);
			runOnlyForDeploymentPostprocessing = 0;
		};
		9095763F28ED997D00C37F32 /* Resources */ = {
			isa = PBXResourcesBuildPhase;
			buildActionMask = 2147483647;
			files = (
			);
			runOnlyForDeploymentPostprocessing = 0;
		};
		9095764928ED997D00C37F32 /* Resources */ = {
			isa = PBXResourcesBuildPhase;
			buildActionMask = 2147483647;
			files = (
			);
			runOnlyForDeploymentPostprocessing = 0;
		};
/* End PBXResourcesBuildPhase section */

/* Begin PBXSourcesBuildPhase section */
		9095762D28ED997C00C37F32 /* Sources */ = {
			isa = PBXSourcesBuildPhase;
			buildActionMask = 2147483647;
			files = (
				9095763728ED997C00C37F32 /* ContentView.swift in Sources */,
				9095763528ED997C00C37F32 /* DynIslandApp.swift in Sources */,
			);
			runOnlyForDeploymentPostprocessing = 0;
		};
		9095763D28ED997D00C37F32 /* Sources */ = {
			isa = PBXSourcesBuildPhase;
			buildActionMask = 2147483647;
			files = (
				9095764628ED997D00C37F32 /* DynIslandTests.swift in Sources */,
			);
			runOnlyForDeploymentPostprocessing = 0;
		};
		9095764728ED997D00C37F32 /* Sources */ = {
			isa = PBXSourcesBuildPhase;
			buildActionMask = 2147483647;
			files = (
				9095765028ED997D00C37F32 /* DynIslandUITests.swift in Sources */,
				9095765228ED997D00C37F32 /* DynIslandUITestsLaunchTests.swift in Sources */,
			);
			runOnlyForDeploymentPostprocessing = 0;
		};
/* End PBXSourcesBuildPhase section */

/* Begin PBXTargetDependency section */
		9095764328ED997D00C37F32 /* PBXTargetDependency */ = {
			isa = PBXTargetDependency;
			target = 9095763028ED997C00C37F32 /* DynIsland */;
			targetProxy = 9095764228ED997D00C37F32 /* PBXContainerItemProxy */;
		};
		9095764D28ED997D00C37F32 /* PBXTargetDependency */ = {
			isa = PBXTargetDependency;
			target = 9095763028ED997C00C37F32 /* DynIsland */;
			targetProxy = 9095764C28ED997D00C37F32 /* PBXContainerItemProxy */;
		};
/* End PBXTargetDependency section */

/* Begin XCBuildConfiguration section */
		9095765328ED997D00C37F32 /* Debug */ = {
			isa = XCBuildConfiguration;
			buildSettings = {
				ALWAYS_SEARCH_USER_PATHS = NO;
				CLANG_ANALYZER_NONNULL = YES;
				CLANG_ANALYZER_NUMBER_OBJECT_CONVERSION = YES_AGGRESSIVE;
				CLANG_CXX_LANGUAGE_STANDARD = "gnu++20";
				CLANG_ENABLE_MODULES = YES;
				CLANG_ENABLE_OBJC_ARC = YES;
				CLANG_ENABLE_OBJC_WEAK = YES;
				CLANG_WARN_BLOCK_CAPTURE_AUTORELEASING = YES;
				CLANG_WARN_BOOL_CONVERSION = YES;
				CLANG_WARN_COMMA = YES;
				CLANG_WARN_CONSTANT_CONVERSION = YES;
				CLANG_WARN_DEPRECATED_OBJC_IMPLEMENTATIONS = YES;
				CLANG_WARN_DIRECT_OBJC_ISA_USAGE = YES_ERROR;
				CLANG_WARN_DOCUMENTATION_COMMENTS = YES;
				CLANG_WARN_EMPTY_BODY = YES;
				CLANG_WARN_ENUM_CONVERSION = YES;
				CLANG_WARN_INFINITE_RECURSION = YES;
				CLANG_WARN_INT_CONVERSION = YES;
				CLANG_WARN_NON_LITERAL_NULL_CONVERSION = YES;
				CLANG_WARN_OBJC_IMPLICIT_RETAIN_SELF = YES;
				CLANG_WARN_OBJC_LITERAL_CONVERSION = YES;
				CLANG_WARN_OBJC_ROOT_CLASS = YES_ERROR;
				CLANG_WARN_QUOTED_INCLUDE_IN_FRAMEWORK_HEADER = YES;
				CLANG_WARN_RANGE_LOOP_ANALYSIS = YES;
				CLANG_WARN_STRICT_PROTOTYPES = YES;
				CLANG_WARN_SUSPICIOUS_MOVE = YES;
				CLANG_WARN_UNGUARDED_AVAILABILITY = YES_AGGRESSIVE;
				CLANG_WARN_UNREACHABLE_CODE = YES;
				CLANG_WARN__DUPLICATE_METHOD_MATCH = YES;
				COPY_PHASE_STRIP = NO;
				DEBUG_INFORMATION_FORMAT = dwarf;
				ENABLE_STRICT_OBJC_MSGSEND = YES;
				ENABLE_TESTABILITY = YES;
				GCC_C_LANGUAGE_STANDARD = gnu11;
				GCC_DYNAMIC_NO_PIC = NO;
				GCC_NO_COMMON_BLOCKS = YES;
				GCC_OPTIMIZATION_LEVEL = 0;
				GCC_PREPROCESSOR_DEFINITIONS = (
					"DEBUG=1",
					"$(inherited)",
				);
				GCC_WARN_64_TO_32_BIT_CONVERSION = YES;
				GCC_WARN_ABOUT_RETURN_TYPE = YES_ERROR;
				GCC_WARN_UNDECLARED_SELECTOR = YES;
				GCC_WARN_UNINITIALIZED_AUTOS = YES_AGGRESSIVE;
				GCC_WARN_UNUSED_FUNCTION = YES;
				GCC_WARN_UNUSED_VARIABLE = YES;
				IPHONEOS_DEPLOYMENT_TARGET = 16.1;
				MTL_ENABLE_DEBUG_INFO = INCLUDE_SOURCE;
				MTL_FAST_MATH = YES;
				ONLY_ACTIVE_ARCH = YES;
				SDKROOT = iphoneos;
				SWIFT_ACTIVE_COMPILATION_CONDITIONS = DEBUG;
				SWIFT_OPTIMIZATION_LEVEL = "-Onone";
			};
			name = Debug;
		};
		9095765428ED997D00C37F32 /* Release */ = {
			isa = XCBuildConfiguration;
			buildSettings = {
				ALWAYS_SEARCH_USER_PATHS = NO;
				CLANG_ANALYZER_NONNULL = YES;
				CLANG_ANALYZER_NUMBER_OBJECT_CONVERSION = YES_AGGRESSIVE;
				CLANG_CXX_LANGUAGE_STANDARD = "gnu++20";
				CLANG_ENABLE_MODULES = YES;
				CLANG_ENABLE_OBJC_ARC = YES;
				CLANG_ENABLE_OBJC_WEAK = YES;
				CLANG_WARN_BLOCK_CAPTURE_AUTORELEASING = YES;
				CLANG_WARN_BOOL_CONVERSION = YES;
				CLANG_WARN_COMMA = YES;
				CLANG_WARN_CONSTANT_CONVERSION = YES;
				CLANG_WARN_DEPRECATED_OBJC_IMPLEMENTATIONS = YES;
				CLANG_WARN_DIRECT_OBJC_ISA_USAGE = YES_ERROR;
				CLANG_WARN_DOCUMENTATION_COMMENTS = YES;
				CLANG_WARN_EMPTY_BODY = YES;
				CLANG_WARN_ENUM_CONVERSION = YES;
				CLANG_WARN_INFINITE_RECURSION = YES;
				CLANG_WARN_INT_CONVERSION = YES;
				CLANG_WARN_NON_LITERAL_NULL_CONVERSION = YES;
				CLANG_WARN_OBJC_IMPLICIT_RETAIN_SELF = YES;
				CLANG_WARN_OBJC_LITERAL_CONVERSION = YES;
				CLANG_WARN_OBJC_ROOT_CLASS = YES_ERROR;
				CLANG_WARN_QUOTED_INCLUDE_IN_FRAMEWORK_HEADER = YES;
				CLANG_WARN_RANGE_LOOP_ANALYSIS = YES;
				CLANG_WARN_STRICT_PROTOTYPES = YES;
				CLANG_WARN_SUSPICIOUS_MOVE = YES;
				CLANG_WARN_UNGUARDED_AVAILABILITY = YES_AGGRESSIVE;
				CLANG_WARN_UNREACHABLE_CODE = YES;
				CLANG_WARN__DUPLICATE_METHOD_MATCH = YES;
				COPY_PHASE_STRIP = NO;
				DEBUG_INFORMATION_FORMAT = "dwarf-with-dsym";
				ENABLE_NS_ASSERTIONS = NO;
				ENABLE_STRICT_OBJC_MSGSEND = YES;
				GCC_C_LANGUAGE_STANDARD = gnu11;
				GCC_NO_COMMON_BLOCKS = YES;
				GCC_WARN_64_TO_32_BIT_CONVERSION = YES;
				GCC_WARN_ABOUT_RETURN_TYPE = YES_ERROR;
				GCC_WARN_UNDECLARED_SELECTOR = YES;
				GCC_WARN_UNINITIALIZED_AUTOS = YES_AGGRESSIVE;
				GCC_WARN_UNUSED_FUNCTION = YES;
				GCC_WARN_UNUSED_VARIABLE = YES;
				IPHONEOS_DEPLOYMENT_TARGET = 16.1;
				MTL_ENABLE_DEBUG_INFO = NO;
				MTL_FAST_MATH = YES;
				SDKROOT = iphoneos;
				SWIFT_COMPILATION_MODE = wholemodule;
				SWIFT_OPTIMIZATION_LEVEL = "-O";
				VALIDATE_PRODUCT = YES;
			};
			name = Release;
		};
		9095765628ED997D00C37F32 /* Debug */ = {
			isa = XCBuildConfiguration;
			buildSettings = {
				ASSETCATALOG_COMPILER_APPICON_NAME = AppIcon;
				ASSETCATALOG_COMPILER_GLOBAL_ACCENT_COLOR_NAME = AccentColor;
				CODE_SIGN_STYLE = Automatic;
				CURRENT_PROJECT_VERSION = 1;
				DEVELOPMENT_ASSET_PATHS = "\"DynIsland/Preview Content\"";
				DEVELOPMENT_TEAM = S93785KKLG;
				ENABLE_PREVIEWS = YES;
				GENERATE_INFOPLIST_FILE = YES;
				INFOPLIST_KEY_UIApplicationSceneManifest_Generation = YES;
				INFOPLIST_KEY_UIApplicationSupportsIndirectInputEvents = YES;
				INFOPLIST_KEY_UILaunchScreen_Generation = YES;
				INFOPLIST_KEY_UISupportedInterfaceOrientations_iPad = "UIInterfaceOrientationPortrait UIInterfaceOrientationPortraitUpsideDown UIInterfaceOrientationLandscapeLeft UIInterfaceOrientationLandscapeRight";
				INFOPLIST_KEY_UISupportedInterfaceOrientations_iPhone = "UIInterfaceOrientationPortrait UIInterfaceOrientationLandscapeLeft UIInterfaceOrientationLandscapeRight";
				LD_RUNPATH_SEARCH_PATHS = (
					"$(inherited)",
					"@executable_path/Frameworks",
				);
				MARKETING_VERSION = 1.0;
				PRODUCT_BUNDLE_IDENTIFIER = sc18cd.DynIsland;
				PRODUCT_NAME = "$(TARGET_NAME)";
				SWIFT_EMIT_LOC_STRINGS = YES;
				SWIFT_VERSION = 5.0;
				TARGETED_DEVICE_FAMILY = "1,2";
			};
			name = Debug;
		};
		9095765728ED997D00C37F32 /* Release */ = {
			isa = XCBuildConfiguration;
			buildSettings = {
				ASSETCATALOG_COMPILER_APPICON_NAME = AppIcon;
				ASSETCATALOG_COMPILER_GLOBAL_ACCENT_COLOR_NAME = AccentColor;
				CODE_SIGN_STYLE = Automatic;
				CURRENT_PROJECT_VERSION = 1;
				DEVELOPMENT_ASSET_PATHS = "\"DynIsland/Preview Content\"";
				DEVELOPMENT_TEAM = S93785KKLG;
				ENABLE_PREVIEWS = YES;
				GENERATE_INFOPLIST_FILE = YES;
				INFOPLIST_KEY_UIApplicationSceneManifest_Generation = YES;
				INFOPLIST_KEY_UIApplicationSupportsIndirectInputEvents = YES;
				INFOPLIST_KEY_UILaunchScreen_Generation = YES;
				INFOPLIST_KEY_UISupportedInterfaceOrientations_iPad = "UIInterfaceOrientationPortrait UIInterfaceOrientationPortraitUpsideDown UIInterfaceOrientationLandscapeLeft UIInterfaceOrientationLandscapeRight";
				INFOPLIST_KEY_UISupportedInterfaceOrientations_iPhone = "UIInterfaceOrientationPortrait UIInterfaceOrientationLandscapeLeft UIInterfaceOrientationLandscapeRight";
				LD_RUNPATH_SEARCH_PATHS = (
					"$(inherited)",
					"@executable_path/Frameworks",
				);
				MARKETING_VERSION = 1.0;
				PRODUCT_BUNDLE_IDENTIFIER = sc18cd.DynIsland;
				PRODUCT_NAME = "$(TARGET_NAME)";
				SWIFT_EMIT_LOC_STRINGS = YES;
				SWIFT_VERSION = 5.0;
				TARGETED_DEVICE_FAMILY = "1,2";
			};
			name = Release;
		};
		9095765928ED997D00C37F32 /* Debug */ = {
			isa = XCBuildConfiguration;
			buildSettings = {
				ALWAYS_EMBED_SWIFT_STANDARD_LIBRARIES = YES;
				BUNDLE_LOADER = "$(TEST_HOST)";
				CODE_SIGN_STYLE = Automatic;
				CURRENT_PROJECT_VERSION = 1;
				DEVELOPMENT_TEAM = S93785KKLG;
				GENERATE_INFOPLIST_FILE = YES;
				IPHONEOS_DEPLOYMENT_TARGET = 16.1;
				MARKETING_VERSION = 1.0;
				PRODUCT_BUNDLE_IDENTIFIER = sc18cd.DynIslandTests;
				PRODUCT_NAME = "$(TARGET_NAME)";
				SWIFT_EMIT_LOC_STRINGS = NO;
				SWIFT_VERSION = 5.0;
				TARGETED_DEVICE_FAMILY = "1,2";
				TEST_HOST = "$(BUILT_PRODUCTS_DIR)/DynIsland.app/$(BUNDLE_EXECUTABLE_FOLDER_PATH)/DynIsland";
			};
			name = Debug;
		};
		9095765A28ED997D00C37F32 /* Release */ = {
			isa = XCBuildConfiguration;
			buildSettings = {
				ALWAYS_EMBED_SWIFT_STANDARD_LIBRARIES = YES;
				BUNDLE_LOADER = "$(TEST_HOST)";
				CODE_SIGN_STYLE = Automatic;
				CURRENT_PROJECT_VERSION = 1;
				DEVELOPMENT_TEAM = S93785KKLG;
				GENERATE_INFOPLIST_FILE = YES;
				IPHONEOS_DEPLOYMENT_TARGET = 16.1;
				MARKETING_VERSION = 1.0;
				PRODUCT_BUNDLE_IDENTIFIER = sc18cd.DynIslandTests;
				PRODUCT_NAME = "$(TARGET_NAME)";
				SWIFT_EMIT_LOC_STRINGS = NO;
				SWIFT_VERSION = 5.0;
				TARGETED_DEVICE_FAMILY = "1,2";
				TEST_HOST = "$(BUILT_PRODUCTS_DIR)/DynIsland.app/$(BUNDLE_EXECUTABLE_FOLDER_PATH)/DynIsland";
			};
			name = Release;
		};
		9095765C28ED997D00C37F32 /* Debug */ = {
			isa = XCBuildConfiguration;
			buildSettings = {
				ALWAYS_EMBED_SWIFT_STANDARD_LIBRARIES = YES;
				CODE_SIGN_STYLE = Automatic;
				CURRENT_PROJECT_VERSION = 1;
				DEVELOPMENT_TEAM = S93785KKLG;
				GENERATE_INFOPLIST_FILE = YES;
				MARKETING_VERSION = 1.0;
				PRODUCT_BUNDLE_IDENTIFIER = sc18cd.DynIslandUITests;
				PRODUCT_NAME = "$(TARGET_NAME)";
				SWIFT_EMIT_LOC_STRINGS = NO;
				SWIFT_VERSION = 5.0;
				TARGETED_DEVICE_FAMILY = "1,2";
				TEST_TARGET_NAME = DynIsland;
			};
			name = Debug;
		};
		9095765D28ED997D00C37F32 /* Release */ = {
			isa = XCBuildConfiguration;
			buildSettings = {
				ALWAYS_EMBED_SWIFT_STANDARD_LIBRARIES = YES;
				CODE_SIGN_STYLE = Automatic;
				CURRENT_PROJECT_VERSION = 1;
				DEVELOPMENT_TEAM = S93785KKLG;
				GENERATE_INFOPLIST_FILE = YES;
				MARKETING_VERSION = 1.0;
				PRODUCT_BUNDLE_IDENTIFIER = sc18cd.DynIslandUITests;
				PRODUCT_NAME = "$(TARGET_NAME)";
				SWIFT_EMIT_LOC_STRINGS = NO;
				SWIFT_VERSION = 5.0;
				TARGETED_DEVICE_FAMILY = "1,2";
				TEST_TARGET_NAME = DynIsland;
			};
			name = Release;
		};
/* End XCBuildConfiguration section */

/* Begin XCConfigurationList section */
		9095762C28ED997C00C37F32 /* Build configuration list for PBXProject "DynIsland" */ = {
			isa = XCConfigurationList;
			buildConfigurations = (
				9095765328ED997D00C37F32 /* Debug */,
				9095765428ED997D00C37F32 /* Release */,
			);
			defaultConfigurationIsVisible = 0;
			defaultConfigurationName = Release;
		};
		9095765528ED997D00C37F32 /* Build configuration list for PBXNativeTarget "DynIsland" */ = {
			isa = XCConfigurationList;
			buildConfigurations = (
				9095765628ED997D00C37F32 /* Debug */,
				9095765728ED997D00C37F32 /* Release */,
			);
			defaultConfigurationIsVisible = 0;
			defaultConfigurationName = Release;
		};
		9095765828ED997D00C37F32 /* Build configuration list for PBXNativeTarget "DynIslandTests" */ = {
			isa = XCConfigurationList;
			buildConfigurations = (
				9095765928ED997D00C37F32 /* Debug */,
				9095765A28ED997D00C37F32 /* Release */,
			);
			defaultConfigurationIsVisible = 0;
			defaultConfigurationName = Release;
		};
		9095765B28ED997D00C37F32 /* Build configuration list for PBXNativeTarget "DynIslandUITests" */ = {
			isa = XCConfigurationList;
			buildConfigurations = (
				9095765C28ED997D00C37F32 /* Debug */,
				9095765D28ED997D00C37F32 /* Release */,
			);
			defaultConfigurationIsVisible = 0;
			defaultConfigurationName = Release;
		};
/* End XCConfigurationList section */
	};
	rootObject = 9095762928ED997C00C37F32 /* Project object */;
}
